// !$*UTF8*$!
{
	archiveVersion = 1;
	classes = {
	};
	objectVersion = 48;
	objects = {

/* Begin PBXBuildFile section */
		0727BEA22004D37A00816A61 /* AppDelegate.swift in Sources */ = {isa = PBXBuildFile; fileRef = 0727BEA12004D37A00816A61 /* AppDelegate.swift */; };
		0727BEA42004D37A00816A61 /* ViewController.swift in Sources */ = {isa = PBXBuildFile; fileRef = 0727BEA32004D37A00816A61 /* ViewController.swift */; };
		0727BEA72004D37A00816A61 /* Main.storyboard in Resources */ = {isa = PBXBuildFile; fileRef = 0727BEA52004D37A00816A61 /* Main.storyboard */; };
		0727BEA92004D37A00816A61 /* Assets.xcassets in Resources */ = {isa = PBXBuildFile; fileRef = 0727BEA82004D37A00816A61 /* Assets.xcassets */; };
		0727BEAC2004D37A00816A61 /* LaunchScreen.storyboard in Resources */ = {isa = PBXBuildFile; fileRef = 0727BEAA2004D37A00816A61 /* LaunchScreen.storyboard */; };
		0727BEB72004D37A00816A61 /* EmojiMapTests.swift in Sources */ = {isa = PBXBuildFile; fileRef = 0727BEB62004D37A00816A61 /* EmojiMapTests.swift */; };
		0727BEC22004D56900816A61 /* EmojiMap.swift in Sources */ = {isa = PBXBuildFile; fileRef = 0727BEC12004D56900816A61 /* EmojiMap.swift */; };
		0727BEC82004D60600816A61 /* emojis-en.json in Resources */ = {isa = PBXBuildFile; fileRef = 0727BEC42004D60600816A61 /* emojis-en.json */; };
		0727BEC92004D60600816A61 /* emojis-es.json in Resources */ = {isa = PBXBuildFile; fileRef = 0727BEC52004D60600816A61 /* emojis-es.json */; };
		0727BECA2004D60600816A61 /* emojis-de.json in Resources */ = {isa = PBXBuildFile; fileRef = 0727BEC62004D60600816A61 /* emojis-de.json */; };
		0727BECB2004D60600816A61 /* emojis-fr.json in Resources */ = {isa = PBXBuildFile; fileRef = 0727BEC72004D60600816A61 /* emojis-fr.json */; };
/* End PBXBuildFile section */

/* Begin PBXContainerItemProxy section */
		0727BEB32004D37A00816A61 /* PBXContainerItemProxy */ = {
			isa = PBXContainerItemProxy;
			containerPortal = 0727BE962004D37A00816A61 /* Project object */;
			proxyType = 1;
			remoteGlobalIDString = 0727BE9D2004D37A00816A61;
			remoteInfo = EmojiMap;
		};
/* End PBXContainerItemProxy section */

/* Begin PBXFileReference section */
		0727BE9E2004D37A00816A61 /* EmojiMap.app */ = {isa = PBXFileReference; explicitFileType = wrapper.application; includeInIndex = 0; path = EmojiMap.app; sourceTree = BUILT_PRODUCTS_DIR; };
		0727BEA12004D37A00816A61 /* AppDelegate.swift */ = {isa = PBXFileReference; lastKnownFileType = sourcecode.swift; path = AppDelegate.swift; sourceTree = "<group>"; };
		0727BEA32004D37A00816A61 /* ViewController.swift */ = {isa = PBXFileReference; lastKnownFileType = sourcecode.swift; path = ViewController.swift; sourceTree = "<group>"; };
		0727BEA62004D37A00816A61 /* Base */ = {isa = PBXFileReference; lastKnownFileType = file.storyboard; name = Base; path = Base.lproj/Main.storyboard; sourceTree = "<group>"; };
		0727BEA82004D37A00816A61 /* Assets.xcassets */ = {isa = PBXFileReference; lastKnownFileType = folder.assetcatalog; path = Assets.xcassets; sourceTree = "<group>"; };
		0727BEAB2004D37A00816A61 /* Base */ = {isa = PBXFileReference; lastKnownFileType = file.storyboard; name = Base; path = Base.lproj/LaunchScreen.storyboard; sourceTree = "<group>"; };
		0727BEAD2004D37A00816A61 /* Info.plist */ = {isa = PBXFileReference; lastKnownFileType = text.plist.xml; path = Info.plist; sourceTree = "<group>"; };
		0727BEB22004D37A00816A61 /* EmojiMapTests.xctest */ = {isa = PBXFileReference; explicitFileType = wrapper.cfbundle; includeInIndex = 0; path = EmojiMapTests.xctest; sourceTree = BUILT_PRODUCTS_DIR; };
		0727BEB62004D37A00816A61 /* EmojiMapTests.swift */ = {isa = PBXFileReference; lastKnownFileType = sourcecode.swift; path = EmojiMapTests.swift; sourceTree = "<group>"; };
		0727BEB82004D37A00816A61 /* Info.plist */ = {isa = PBXFileReference; lastKnownFileType = text.plist.xml; path = Info.plist; sourceTree = "<group>"; };
		0727BEC12004D56900816A61 /* EmojiMap.swift */ = {isa = PBXFileReference; lastKnownFileType = sourcecode.swift; path = EmojiMap.swift; sourceTree = "<group>"; };
		0727BEC42004D60600816A61 /* emojis-en.json */ = {isa = PBXFileReference; fileEncoding = 4; lastKnownFileType = text.json; path = "emojis-en.json"; sourceTree = "<group>"; };
		0727BEC52004D60600816A61 /* emojis-es.json */ = {isa = PBXFileReference; fileEncoding = 4; lastKnownFileType = text.json; path = "emojis-es.json"; sourceTree = "<group>"; };
		0727BEC62004D60600816A61 /* emojis-de.json */ = {isa = PBXFileReference; fileEncoding = 4; lastKnownFileType = text.json; path = "emojis-de.json"; sourceTree = "<group>"; };
		0727BEC72004D60600816A61 /* emojis-fr.json */ = {isa = PBXFileReference; fileEncoding = 4; lastKnownFileType = text.json; path = "emojis-fr.json"; sourceTree = "<group>"; };
/* End PBXFileReference section */

/* Begin PBXFrameworksBuildPhase section */
		0727BE9B2004D37A00816A61 /* Frameworks */ = {
			isa = PBXFrameworksBuildPhase;
			buildActionMask = 2147483647;
			files = (
			);
			runOnlyForDeploymentPostprocessing = 0;
		};
		0727BEAF2004D37A00816A61 /* Frameworks */ = {
			isa = PBXFrameworksBuildPhase;
			buildActionMask = 2147483647;
			files = (
			);
			runOnlyForDeploymentPostprocessing = 0;
		};
/* End PBXFrameworksBuildPhase section */

/* Begin PBXGroup section */
		0727BE952004D37A00816A61 = {
			isa = PBXGroup;
			children = (
				0727BEA02004D37A00816A61 /* EmojiMap */,
				0727BEB52004D37A00816A61 /* EmojiMapTests */,
				0727BE9F2004D37A00816A61 /* Products */,
			);
			sourceTree = "<group>";
		};
		0727BE9F2004D37A00816A61 /* Products */ = {
			isa = PBXGroup;
			children = (
				0727BE9E2004D37A00816A61 /* EmojiMap.app */,
				0727BEB22004D37A00816A61 /* EmojiMapTests.xctest */,
			);
			name = Products;
			sourceTree = "<group>";
		};
		0727BEA02004D37A00816A61 /* EmojiMap */ = {
			isa = PBXGroup;
			children = (
				0727BEA12004D37A00816A61 /* AppDelegate.swift */,
				0727BEA32004D37A00816A61 /* ViewController.swift */,
				0727BEC32004D5E000816A61 /* EmojiMap */,
				0727BEA52004D37A00816A61 /* Main.storyboard */,
				0727BEA82004D37A00816A61 /* Assets.xcassets */,
				0727BEAA2004D37A00816A61 /* LaunchScreen.storyboard */,
				0727BEAD2004D37A00816A61 /* Info.plist */,
			);
			path = EmojiMap;
			sourceTree = "<group>";
		};
		0727BEB52004D37A00816A61 /* EmojiMapTests */ = {
			isa = PBXGroup;
			children = (
				0727BEB62004D37A00816A61 /* EmojiMapTests.swift */,
				0727BEB82004D37A00816A61 /* Info.plist */,
			);
			path = EmojiMapTests;
			sourceTree = "<group>";
		};
		0727BEC32004D5E000816A61 /* EmojiMap */ = {
			isa = PBXGroup;
			children = (
				0727BEC12004D56900816A61 /* EmojiMap.swift */,
				0727BEC62004D60600816A61 /* emojis-de.json */,
				0727BEC42004D60600816A61 /* emojis-en.json */,
				0727BEC52004D60600816A61 /* emojis-es.json */,
				0727BEC72004D60600816A61 /* emojis-fr.json */,
			);
			path = EmojiMap;
			sourceTree = "<group>";
		};
/* End PBXGroup section */

/* Begin PBXNativeTarget section */
		0727BE9D2004D37A00816A61 /* EmojiMap */ = {
			isa = PBXNativeTarget;
			buildConfigurationList = 0727BEBB2004D37A00816A61 /* Build configuration list for PBXNativeTarget "EmojiMap" */;
			buildPhases = (
				0727BE9A2004D37A00816A61 /* Sources */,
				0727BE9B2004D37A00816A61 /* Frameworks */,
				0727BE9C2004D37A00816A61 /* Resources */,
			);
			buildRules = (
			);
			dependencies = (
			);
			name = EmojiMap;
			productName = EmojiMap;
			productReference = 0727BE9E2004D37A00816A61 /* EmojiMap.app */;
			productType = "com.apple.product-type.application";
		};
		0727BEB12004D37A00816A61 /* EmojiMapTests */ = {
			isa = PBXNativeTarget;
			buildConfigurationList = 0727BEBE2004D37A00816A61 /* Build configuration list for PBXNativeTarget "EmojiMapTests" */;
			buildPhases = (
				0727BEAE2004D37A00816A61 /* Sources */,
				0727BEAF2004D37A00816A61 /* Frameworks */,
				0727BEB02004D37A00816A61 /* Resources */,
			);
			buildRules = (
			);
			dependencies = (
				0727BEB42004D37A00816A61 /* PBXTargetDependency */,
			);
			name = EmojiMapTests;
			productName = EmojiMapTests;
			productReference = 0727BEB22004D37A00816A61 /* EmojiMapTests.xctest */;
			productType = "com.apple.product-type.bundle.unit-test";
		};
/* End PBXNativeTarget section */

/* Begin PBXProject section */
		0727BE962004D37A00816A61 /* Project object */ = {
			isa = PBXProject;
			attributes = {
				LastSwiftUpdateCheck = 0920;
				LastUpgradeCheck = 0920;
				ORGANIZATIONNAME = "Matias Villaverde";
				TargetAttributes = {
					0727BE9D2004D37A00816A61 = {
						CreatedOnToolsVersion = 9.2;
						ProvisioningStyle = Automatic;
					};
					0727BEB12004D37A00816A61 = {
						CreatedOnToolsVersion = 9.2;
						ProvisioningStyle = Automatic;
						TestTargetID = 0727BE9D2004D37A00816A61;
					};
				};
			};
			buildConfigurationList = 0727BE992004D37A00816A61 /* Build configuration list for PBXProject "EmojiMap" */;
			compatibilityVersion = "Xcode 8.0";
			developmentRegion = en;
			hasScannedForEncodings = 0;
			knownRegions = (
				en,
				Base,
			);
			mainGroup = 0727BE952004D37A00816A61;
			productRefGroup = 0727BE9F2004D37A00816A61 /* Products */;
			projectDirPath = "";
			projectRoot = "";
			targets = (
				0727BE9D2004D37A00816A61 /* EmojiMap */,
				0727BEB12004D37A00816A61 /* EmojiMapTests */,
			);
		};
/* End PBXProject section */

/* Begin PBXResourcesBuildPhase section */
		0727BE9C2004D37A00816A61 /* Resources */ = {
			isa = PBXResourcesBuildPhase;
			buildActionMask = 2147483647;
			files = (
				0727BEAC2004D37A00816A61 /* LaunchScreen.storyboard in Resources */,
				0727BECB2004D60600816A61 /* emojis-fr.json in Resources */,
				0727BECA2004D60600816A61 /* emojis-de.json in Resources */,
				0727BEC82004D60600816A61 /* emojis-en.json in Resources */,
				0727BEA92004D37A00816A61 /* Assets.xcassets in Resources */,
				0727BEA72004D37A00816A61 /* Main.storyboard in Resources */,
				0727BEC92004D60600816A61 /* emojis-es.json in Resources */,
			);
			runOnlyForDeploymentPostprocessing = 0;
		};
		0727BEB02004D37A00816A61 /* Resources */ = {
			isa = PBXResourcesBuildPhase;
			buildActionMask = 2147483647;
			files = (
			);
			runOnlyForDeploymentPostprocessing = 0;
		};
/* End PBXResourcesBuildPhase section */

/* Begin PBXSourcesBuildPhase section */
		0727BE9A2004D37A00816A61 /* Sources */ = {
			isa = PBXSourcesBuildPhase;
			buildActionMask = 2147483647;
			files = (
				0727BEA42004D37A00816A61 /* ViewController.swift in Sources */,
				0727BEC22004D56900816A61 /* EmojiMap.swift in Sources */,
				0727BEA22004D37A00816A61 /* AppDelegate.swift in Sources */,
			);
			runOnlyForDeploymentPostprocessing = 0;
		};
		0727BEAE2004D37A00816A61 /* Sources */ = {
			isa = PBXSourcesBuildPhase;
			buildActionMask = 2147483647;
			files = (
				0727BEB72004D37A00816A61 /* EmojiMapTests.swift in Sources */,
			);
			runOnlyForDeploymentPostprocessing = 0;
		};
/* End PBXSourcesBuildPhase section */

/* Begin PBXTargetDependency section */
		0727BEB42004D37A00816A61 /* PBXTargetDependency */ = {
			isa = PBXTargetDependency;
			target = 0727BE9D2004D37A00816A61 /* EmojiMap */;
			targetProxy = 0727BEB32004D37A00816A61 /* PBXContainerItemProxy */;
		};
/* End PBXTargetDependency section */

/* Begin PBXVariantGroup section */
		0727BEA52004D37A00816A61 /* Main.storyboard */ = {
			isa = PBXVariantGroup;
			children = (
				0727BEA62004D37A00816A61 /* Base */,
			);
			name = Main.storyboard;
			sourceTree = "<group>";
		};
		0727BEAA2004D37A00816A61 /* LaunchScreen.storyboard */ = {
			isa = PBXVariantGroup;
			children = (
				0727BEAB2004D37A00816A61 /* Base */,
			);
			name = LaunchScreen.storyboard;
			sourceTree = "<group>";
		};
/* End PBXVariantGroup section */

/* Begin XCBuildConfiguration section */
		0727BEB92004D37A00816A61 /* Debug */ = {
			isa = XCBuildConfiguration;
			buildSettings = {
				ALWAYS_SEARCH_USER_PATHS = NO;
				CLANG_ANALYZER_NONNULL = YES;
				CLANG_ANALYZER_NUMBER_OBJECT_CONVERSION = YES_AGGRESSIVE;
				CLANG_CXX_LANGUAGE_STANDARD = "gnu++14";
				CLANG_CXX_LIBRARY = "libc++";
				CLANG_ENABLE_MODULES = YES;
				CLANG_ENABLE_OBJC_ARC = YES;
				CLANG_WARN_BLOCK_CAPTURE_AUTORELEASING = YES;
				CLANG_WARN_BOOL_CONVERSION = YES;
				CLANG_WARN_COMMA = YES;
				CLANG_WARN_CONSTANT_CONVERSION = YES;
				CLANG_WARN_DIRECT_OBJC_ISA_USAGE = YES_ERROR;
				CLANG_WARN_DOCUMENTATION_COMMENTS = YES;
				CLANG_WARN_EMPTY_BODY = YES;
				CLANG_WARN_ENUM_CONVERSION = YES;
				CLANG_WARN_INFINITE_RECURSION = YES;
				CLANG_WARN_INT_CONVERSION = YES;
				CLANG_WARN_NON_LITERAL_NULL_CONVERSION = YES;
				CLANG_WARN_OBJC_LITERAL_CONVERSION = YES;
				CLANG_WARN_OBJC_ROOT_CLASS = YES_ERROR;
				CLANG_WARN_RANGE_LOOP_ANALYSIS = YES;
				CLANG_WARN_STRICT_PROTOTYPES = YES;
				CLANG_WARN_SUSPICIOUS_MOVE = YES;
				CLANG_WARN_UNGUARDED_AVAILABILITY = YES_AGGRESSIVE;
				CLANG_WARN_UNREACHABLE_CODE = YES;
				CLANG_WARN__DUPLICATE_METHOD_MATCH = YES;
				CODE_SIGN_IDENTITY = "iPhone Developer";
				COPY_PHASE_STRIP = NO;
				DEBUG_INFORMATION_FORMAT = dwarf;
				ENABLE_STRICT_OBJC_MSGSEND = YES;
				ENABLE_TESTABILITY = YES;
				GCC_C_LANGUAGE_STANDARD = gnu11;
				GCC_DYNAMIC_NO_PIC = NO;
				GCC_NO_COMMON_BLOCKS = YES;
				GCC_OPTIMIZATION_LEVEL = 0;
				GCC_PREPROCESSOR_DEFINITIONS = (
					"DEBUG=1",
					"$(inherited)",
				);
				GCC_WARN_64_TO_32_BIT_CONVERSION = YES;
				GCC_WARN_ABOUT_RETURN_TYPE = YES_ERROR;
				GCC_WARN_UNDECLARED_SELECTOR = YES;
				GCC_WARN_UNINITIALIZED_AUTOS = YES_AGGRESSIVE;
				GCC_WARN_UNUSED_FUNCTION = YES;
				GCC_WARN_UNUSED_VARIABLE = YES;
				IPHONEOS_DEPLOYMENT_TARGET = 11.2;
				MTL_ENABLE_DEBUG_INFO = YES;
				ONLY_ACTIVE_ARCH = YES;
				SDKROOT = iphoneos;
				SWIFT_ACTIVE_COMPILATION_CONDITIONS = DEBUG;
				SWIFT_OPTIMIZATION_LEVEL = "-Onone";
			};
			name = Debug;
		};
		0727BEBA2004D37A00816A61 /* Release */ = {
			isa = XCBuildConfiguration;
			buildSettings = {
				ALWAYS_SEARCH_USER_PATHS = NO;
				CLANG_ANALYZER_NONNULL = YES;
				CLANG_ANALYZER_NUMBER_OBJECT_CONVERSION = YES_AGGRESSIVE;
				CLANG_CXX_LANGUAGE_STANDARD = "gnu++14";
				CLANG_CXX_LIBRARY = "libc++";
				CLANG_ENABLE_MODULES = YES;
				CLANG_ENABLE_OBJC_ARC = YES;
				CLANG_WARN_BLOCK_CAPTURE_AUTORELEASING = YES;
				CLANG_WARN_BOOL_CONVERSION = YES;
				CLANG_WARN_COMMA = YES;
				CLANG_WARN_CONSTANT_CONVERSION = YES;
				CLANG_WARN_DIRECT_OBJC_ISA_USAGE = YES_ERROR;
				CLANG_WARN_DOCUMENTATION_COMMENTS = YES;
				CLANG_WARN_EMPTY_BODY = YES;
				CLANG_WARN_ENUM_CONVERSION = YES;
				CLANG_WARN_INFINITE_RECURSION = YES;
				CLANG_WARN_INT_CONVERSION = YES;
				CLANG_WARN_NON_LITERAL_NULL_CONVERSION = YES;
				CLANG_WARN_OBJC_LITERAL_CONVERSION = YES;
				CLANG_WARN_OBJC_ROOT_CLASS = YES_ERROR;
				CLANG_WARN_RANGE_LOOP_ANALYSIS = YES;
				CLANG_WARN_STRICT_PROTOTYPES = YES;
				CLANG_WARN_SUSPICIOUS_MOVE = YES;
				CLANG_WARN_UNGUARDED_AVAILABILITY = YES_AGGRESSIVE;
				CLANG_WARN_UNREACHABLE_CODE = YES;
				CLANG_WARN__DUPLICATE_METHOD_MATCH = YES;
				CODE_SIGN_IDENTITY = "iPhone Developer";
				COPY_PHASE_STRIP = NO;
				DEBUG_INFORMATION_FORMAT = "dwarf-with-dsym";
				ENABLE_NS_ASSERTIONS = NO;
				ENABLE_STRICT_OBJC_MSGSEND = YES;
				GCC_C_LANGUAGE_STANDARD = gnu11;
				GCC_NO_COMMON_BLOCKS = YES;
				GCC_WARN_64_TO_32_BIT_CONVERSION = YES;
				GCC_WARN_ABOUT_RETURN_TYPE = YES_ERROR;
				GCC_WARN_UNDECLARED_SELECTOR = YES;
				GCC_WARN_UNINITIALIZED_AUTOS = YES_AGGRESSIVE;
				GCC_WARN_UNUSED_FUNCTION = YES;
				GCC_WARN_UNUSED_VARIABLE = YES;
				IPHONEOS_DEPLOYMENT_TARGET = 11.2;
				MTL_ENABLE_DEBUG_INFO = NO;
				SDKROOT = iphoneos;
				SWIFT_OPTIMIZATION_LEVEL = "-Owholemodule";
				VALIDATE_PRODUCT = YES;
			};
			name = Release;
		};
		0727BEBC2004D37A00816A61 /* Debug */ = {
			isa = XCBuildConfiguration;
			buildSettings = {
				ASSETCATALOG_COMPILER_APPICON_NAME = AppIcon;
				CODE_SIGN_STYLE = Automatic;
				DEVELOPMENT_TEAM = 744583LS5Z;
				INFOPLIST_FILE = EmojiMap/Info.plist;
				LD_RUNPATH_SEARCH_PATHS = "$(inherited) @executable_path/Frameworks";
				PRODUCT_BUNDLE_IDENTIFIER = com.matiasvillaverde.EmojiMap;
				PRODUCT_NAME = "$(TARGET_NAME)";
				SWIFT_VERSION = 4.0;
				TARGETED_DEVICE_FAMILY = "1,2";
			};
			name = Debug;
		};
		0727BEBD2004D37A00816A61 /* Release */ = {
			isa = XCBuildConfiguration;
			buildSettings = {
				ASSETCATALOG_COMPILER_APPICON_NAME = AppIcon;
				CODE_SIGN_STYLE = Automatic;
				DEVELOPMENT_TEAM = 744583LS5Z;
				INFOPLIST_FILE = EmojiMap/Info.plist;
				LD_RUNPATH_SEARCH_PATHS = "$(inherited) @executable_path/Frameworks";
				PRODUCT_BUNDLE_IDENTIFIER = com.matiasvillaverde.EmojiMap;
				PRODUCT_NAME = "$(TARGET_NAME)";
				SWIFT_VERSION = 4.0;
				TARGETED_DEVICE_FAMILY = "1,2";
			};
			name = Release;
		};
		0727BEBF2004D37A00816A61 /* Debug */ = {
			isa = XCBuildConfiguration;
			buildSettings = {
				ALWAYS_EMBED_SWIFT_STANDARD_LIBRARIES = YES;
				BUNDLE_LOADER = "$(TEST_HOST)";
				CODE_SIGN_STYLE = Automatic;
				DEVELOPMENT_TEAM = 744583LS5Z;
				INFOPLIST_FILE = EmojiMapTests/Info.plist;
				LD_RUNPATH_SEARCH_PATHS = "$(inherited) @executable_path/Frameworks @loader_path/Frameworks";
				PRODUCT_BUNDLE_IDENTIFIER = com.matiasvillaverde.EmojiMapTests;
				PRODUCT_NAME = "$(TARGET_NAME)";
				SWIFT_VERSION = 4.0;
				TARGETED_DEVICE_FAMILY = "1,2";
				TEST_HOST = "$(BUILT_PRODUCTS_DIR)/EmojiMap.app/EmojiMap";
			};
			name = Debug;
		};
		0727BEC02004D37A00816A61 /* Release */ = {
			isa = XCBuildConfiguration;
			buildSettings = {
				ALWAYS_EMBED_SWIFT_STANDARD_LIBRARIES = YES;
				BUNDLE_LOADER = "$(TEST_HOST)";
				CODE_SIGN_STYLE = Automatic;
				DEVELOPMENT_TEAM = 744583LS5Z;
				INFOPLIST_FILE = EmojiMapTests/Info.plist;
				LD_RUNPATH_SEARCH_PATHS = "$(inherited) @executable_path/Frameworks @loader_path/Frameworks";
				PRODUCT_BUNDLE_IDENTIFIER = com.matiasvillaverde.EmojiMapTests;
				PRODUCT_NAME = "$(TARGET_NAME)";
				SWIFT_VERSION = 4.0;
				TARGETED_DEVICE_FAMILY = "1,2";
				TEST_HOST = "$(BUILT_PRODUCTS_DIR)/EmojiMap.app/EmojiMap";
			};
			name = Release;
		};
/* End XCBuildConfiguration section */

/* Begin XCConfigurationList section */
		0727BE992004D37A00816A61 /* Build configuration list for PBXProject "EmojiMap" */ = {
			isa = XCConfigurationList;
			buildConfigurations = (
				0727BEB92004D37A00816A61 /* Debug */,
				0727BEBA2004D37A00816A61 /* Release */,
			);
			defaultConfigurationIsVisible = 0;
			defaultConfigurationName = Release;
		};
		0727BEBB2004D37A00816A61 /* Build configuration list for PBXNativeTarget "EmojiMap" */ = {
			isa = XCConfigurationList;
			buildConfigurations = (
				0727BEBC2004D37A00816A61 /* Debug */,
				0727BEBD2004D37A00816A61 /* Release */,
			);
			defaultConfigurationIsVisible = 0;
			defaultConfigurationName = Release;
		};
		0727BEBE2004D37A00816A61 /* Build configuration list for PBXNativeTarget "EmojiMapTests" */ = {
			isa = XCConfigurationList;
			buildConfigurations = (
				0727BEBF2004D37A00816A61 /* Debug */,
				0727BEC02004D37A00816A61 /* Release */,
			);
			defaultConfigurationIsVisible = 0;
			defaultConfigurationName = Release;
		};
/* End XCConfigurationList section */
	};
	rootObject = 0727BE962004D37A00816A61 /* Project object */;
}
